// !$*UTF8*$!
{
	archiveVersion = 1;
	classes = {
	};
	objectVersion = 55;
	objects = {

/* Begin PBXBuildFile section */
		603AEE99282FC58B004B63FB /* FileManager-DocumentsDirectory.swift in Sources */ = {isa = PBXBuildFile; fileRef = 603AEE98282FC58B004B63FB /* FileManager-DocumentsDirectory.swift */; };
		603AEE9B282FC606004B63FB /* History.swift in Sources */ = {isa = PBXBuildFile; fileRef = 603AEE9A282FC606004B63FB /* History.swift */; };
		60714DEA282F330400E62AA3 /* ConfigurationOption.swift in Sources */ = {isa = PBXBuildFile; fileRef = 60714DE9282F330400E62AA3 /* ConfigurationOption.swift */; };
		60714DEE282F462700E62AA3 /* Serving.swift in Sources */ = {isa = PBXBuildFile; fileRef = 60714DED282F462700E62AA3 /* Serving.swift */; };
		60B227F4282F1CDD007177B9 /* CoolBeansApp.swift in Sources */ = {isa = PBXBuildFile; fileRef = 60B227F3282F1CDD007177B9 /* CoolBeansApp.swift */; };
		60B227F6282F1CDD007177B9 /* ContentView.swift in Sources */ = {isa = PBXBuildFile; fileRef = 60B227F5282F1CDD007177B9 /* ContentView.swift */; };
		60B227F8282F1CDF007177B9 /* Assets.xcassets in Resources */ = {isa = PBXBuildFile; fileRef = 60B227F7282F1CDF007177B9 /* Assets.xcassets */; };
		60B227FB282F1CDF007177B9 /* Preview Assets.xcassets in Resources */ = {isa = PBXBuildFile; fileRef = 60B227FA282F1CDF007177B9 /* Preview Assets.xcassets */; };
		60B22802282F1D74007177B9 /* menu.json in Resources */ = {isa = PBXBuildFile; fileRef = 60B22801282F1D74007177B9 /* menu.json */; };
		60B22804282F1E34007177B9 /* Drink.swift in Sources */ = {isa = PBXBuildFile; fileRef = 60B22803282F1E34007177B9 /* Drink.swift */; };
		60B22806282F1F6B007177B9 /* MenuSection.swift in Sources */ = {isa = PBXBuildFile; fileRef = 60B22805282F1F6B007177B9 /* MenuSection.swift */; };
		60B22808282F1FB7007177B9 /* Menu.swift in Sources */ = {isa = PBXBuildFile; fileRef = 60B22807282F1FB7007177B9 /* Menu.swift */; };
		60B2280A282F236F007177B9 /* MenuView.swift in Sources */ = {isa = PBXBuildFile; fileRef = 60B22809282F236F007177B9 /* MenuView.swift */; };
		60B2280C282F2CFE007177B9 /* CustomizeView.swift in Sources */ = {isa = PBXBuildFile; fileRef = 60B2280B282F2CFE007177B9 /* CustomizeView.swift */; };
/* End PBXBuildFile section */

/* Begin PBXFileReference section */
		603AEE98282FC58B004B63FB /* FileManager-DocumentsDirectory.swift */ = {isa = PBXFileReference; lastKnownFileType = sourcecode.swift; path = "FileManager-DocumentsDirectory.swift"; sourceTree = "<group>"; };
		603AEE9A282FC606004B63FB /* History.swift */ = {isa = PBXFileReference; lastKnownFileType = sourcecode.swift; path = History.swift; sourceTree = "<group>"; };
		60714DE9282F330400E62AA3 /* ConfigurationOption.swift */ = {isa = PBXFileReference; lastKnownFileType = sourcecode.swift; path = ConfigurationOption.swift; sourceTree = "<group>"; };
		60714DED282F462700E62AA3 /* Serving.swift */ = {isa = PBXFileReference; lastKnownFileType = sourcecode.swift; path = Serving.swift; sourceTree = "<group>"; };
		60B227F0282F1CDD007177B9 /* CoolBeans.app */ = {isa = PBXFileReference; explicitFileType = wrapper.application; includeInIndex = 0; path = CoolBeans.app; sourceTree = BUILT_PRODUCTS_DIR; };
		60B227F3282F1CDD007177B9 /* CoolBeansApp.swift */ = {isa = PBXFileReference; lastKnownFileType = sourcecode.swift; path = CoolBeansApp.swift; sourceTree = "<group>"; };
		60B227F5282F1CDD007177B9 /* ContentView.swift */ = {isa = PBXFileReference; lastKnownFileType = sourcecode.swift; path = ContentView.swift; sourceTree = "<group>"; };
		60B227F7282F1CDF007177B9 /* Assets.xcassets */ = {isa = PBXFileReference; lastKnownFileType = folder.assetcatalog; path = Assets.xcassets; sourceTree = "<group>"; };
		60B227FA282F1CDF007177B9 /* Preview Assets.xcassets */ = {isa = PBXFileReference; lastKnownFileType = folder.assetcatalog; path = "Preview Assets.xcassets"; sourceTree = "<group>"; };
		60B22801282F1D74007177B9 /* menu.json */ = {isa = PBXFileReference; fileEncoding = 4; lastKnownFileType = text.json; path = menu.json; sourceTree = "<group>"; };
		60B22803282F1E34007177B9 /* Drink.swift */ = {isa = PBXFileReference; lastKnownFileType = sourcecode.swift; path = Drink.swift; sourceTree = "<group>"; };
		60B22805282F1F6B007177B9 /* MenuSection.swift */ = {isa = PBXFileReference; lastKnownFileType = sourcecode.swift; path = MenuSection.swift; sourceTree = "<group>"; };
		60B22807282F1FB7007177B9 /* Menu.swift */ = {isa = PBXFileReference; lastKnownFileType = sourcecode.swift; path = Menu.swift; sourceTree = "<group>"; };
		60B22809282F236F007177B9 /* MenuView.swift */ = {isa = PBXFileReference; lastKnownFileType = sourcecode.swift; path = MenuView.swift; sourceTree = "<group>"; };
		60B2280B282F2CFE007177B9 /* CustomizeView.swift */ = {isa = PBXFileReference; lastKnownFileType = sourcecode.swift; path = CustomizeView.swift; sourceTree = "<group>"; };
/* End PBXFileReference section */

/* Begin PBXFrameworksBuildPhase section */
		60B227ED282F1CDD007177B9 /* Frameworks */ = {
			isa = PBXFrameworksBuildPhase;
			buildActionMask = 2147483647;
			files = (
			);
			runOnlyForDeploymentPostprocessing = 0;
		};
/* End PBXFrameworksBuildPhase section */

/* Begin PBXGroup section */
		60B227E7282F1CDD007177B9 = {
			isa = PBXGroup;
			children = (
				60B227F2282F1CDD007177B9 /* CoolBeans */,
				60B227F1282F1CDD007177B9 /* Products */,
			);
			sourceTree = "<group>";
		};
		60B227F1282F1CDD007177B9 /* Products */ = {
			isa = PBXGroup;
			children = (
				60B227F0282F1CDD007177B9 /* CoolBeans.app */,
			);
			name = Products;
			sourceTree = "<group>";
		};
		60B227F2282F1CDD007177B9 /* CoolBeans */ = {
			isa = PBXGroup;
			children = (
				60B227F3282F1CDD007177B9 /* CoolBeansApp.swift */,
				60B227F5282F1CDD007177B9 /* ContentView.swift */,
				60B22809282F236F007177B9 /* MenuView.swift */,
				60B2280B282F2CFE007177B9 /* CustomizeView.swift */,
				60B22801282F1D74007177B9 /* menu.json */,
				60B22803282F1E34007177B9 /* Drink.swift */,
				60714DED282F462700E62AA3 /* Serving.swift */,
				603AEE98282FC58B004B63FB /* FileManager-DocumentsDirectory.swift */,
				603AEE9A282FC606004B63FB /* History.swift */,
				60714DE9282F330400E62AA3 /* ConfigurationOption.swift */,
				60B22805282F1F6B007177B9 /* MenuSection.swift */,
				60B22807282F1FB7007177B9 /* Menu.swift */,
				60B227F7282F1CDF007177B9 /* Assets.xcassets */,
				60B227F9282F1CDF007177B9 /* Preview Content */,
			);
			path = CoolBeans;
			sourceTree = "<group>";
		};
		60B227F9282F1CDF007177B9 /* Preview Content */ = {
			isa = PBXGroup;
			children = (
				60B227FA282F1CDF007177B9 /* Preview Assets.xcassets */,
			);
			path = "Preview Content";
			sourceTree = "<group>";
		};
/* End PBXGroup section */

/* Begin PBXNativeTarget section */
		60B227EF282F1CDD007177B9 /* CoolBeans */ = {
			isa = PBXNativeTarget;
			buildConfigurationList = 60B227FE282F1CDF007177B9 /* Build configuration list for PBXNativeTarget "CoolBeans" */;
			buildPhases = (
				60B227EC282F1CDD007177B9 /* Sources */,
				60B227ED282F1CDD007177B9 /* Frameworks */,
				60B227EE282F1CDD007177B9 /* Resources */,
			);
			buildRules = (
			);
			dependencies = (
			);
			name = CoolBeans;
			productName = CoolBeans;
			productReference = 60B227F0282F1CDD007177B9 /* CoolBeans.app */;
			productType = "com.apple.product-type.application";
		};
/* End PBXNativeTarget section */

/* Begin PBXProject section */
		60B227E8282F1CDD007177B9 /* Project object */ = {
			isa = PBXProject;
			attributes = {
				BuildIndependentTargetsInParallel = 1;
				LastSwiftUpdateCheck = 1330;
				LastUpgradeCheck = 1330;
				TargetAttributes = {
					60B227EF282F1CDD007177B9 = {
						CreatedOnToolsVersion = 13.3.1;
					};
				};
			};
			buildConfigurationList = 60B227EB282F1CDD007177B9 /* Build configuration list for PBXProject "CoolBeans" */;
			compatibilityVersion = "Xcode 13.0";
			developmentRegion = en;
			hasScannedForEncodings = 0;
			knownRegions = (
				en,
				Base,
			);
			mainGroup = 60B227E7282F1CDD007177B9;
			productRefGroup = 60B227F1282F1CDD007177B9 /* Products */;
			projectDirPath = "";
			projectRoot = "";
			targets = (
				60B227EF282F1CDD007177B9 /* CoolBeans */,
			);
		};
/* End PBXProject section */

/* Begin PBXResourcesBuildPhase section */
		60B227EE282F1CDD007177B9 /* Resources */ = {
			isa = PBXResourcesBuildPhase;
			buildActionMask = 2147483647;
			files = (
				60B22802282F1D74007177B9 /* menu.json in Resources */,
				60B227FB282F1CDF007177B9 /* Preview Assets.xcassets in Resources */,
				60B227F8282F1CDF007177B9 /* Assets.xcassets in Resources */,
			);
			runOnlyForDeploymentPostprocessing = 0;
		};
/* End PBXResourcesBuildPhase section */

/* Begin PBXSourcesBuildPhase section */
		60B227EC282F1CDD007177B9 /* Sources */ = {
			isa = PBXSourcesBuildPhase;
			buildActionMask = 2147483647;
			files = (
				60B227F6282F1CDD007177B9 /* ContentView.swift in Sources */,
				60B2280A282F236F007177B9 /* MenuView.swift in Sources */,
				60B22804282F1E34007177B9 /* Drink.swift in Sources */,
				603AEE9B282FC606004B63FB /* History.swift in Sources */,
				60B22806282F1F6B007177B9 /* MenuSection.swift in Sources */,
				60B227F4282F1CDD007177B9 /* CoolBeansApp.swift in Sources */,
				60714DEA282F330400E62AA3 /* ConfigurationOption.swift in Sources */,
				603AEE99282FC58B004B63FB /* FileManager-DocumentsDirectory.swift in Sources */,
				60B2280C282F2CFE007177B9 /* CustomizeView.swift in Sources */,
				60B22808282F1FB7007177B9 /* Menu.swift in Sources */,
				60714DEE282F462700E62AA3 /* Serving.swift in Sources */,
			);
			runOnlyForDeploymentPostprocessing = 0;
		};
/* End PBXSourcesBuildPhase section */

/* Begin XCBuildConfiguration section */
		60B227FC282F1CDF007177B9 /* Debug */ = {
			isa = XCBuildConfiguration;
			buildSettings = {
				ALWAYS_SEARCH_USER_PATHS = NO;
				CLANG_ANALYZER_NONNULL = YES;
				CLANG_ANALYZER_NUMBER_OBJECT_CONVERSION = YES_AGGRESSIVE;
				CLANG_CXX_LANGUAGE_STANDARD = "gnu++17";
				CLANG_ENABLE_MODULES = YES;
				CLANG_ENABLE_OBJC_ARC = YES;
				CLANG_ENABLE_OBJC_WEAK = YES;
				CLANG_WARN_BLOCK_CAPTURE_AUTORELEASING = YES;
				CLANG_WARN_BOOL_CONVERSION = YES;
				CLANG_WARN_COMMA = YES;
				CLANG_WARN_CONSTANT_CONVERSION = YES;
				CLANG_WARN_DEPRECATED_OBJC_IMPLEMENTATIONS = YES;
				CLANG_WARN_DIRECT_OBJC_ISA_USAGE = YES_ERROR;
				CLANG_WARN_DOCUMENTATION_COMMENTS = YES;
				CLANG_WARN_EMPTY_BODY = YES;
				CLANG_WARN_ENUM_CONVERSION = YES;
				CLANG_WARN_INFINITE_RECURSION = YES;
				CLANG_WARN_INT_CONVERSION = YES;
				CLANG_WARN_NON_LITERAL_NULL_CONVERSION = YES;
				CLANG_WARN_OBJC_IMPLICIT_RETAIN_SELF = YES;
				CLANG_WARN_OBJC_LITERAL_CONVERSION = YES;
				CLANG_WARN_OBJC_ROOT_CLASS = YES_ERROR;
				CLANG_WARN_QUOTED_INCLUDE_IN_FRAMEWORK_HEADER = YES;
				CLANG_WARN_RANGE_LOOP_ANALYSIS = YES;
				CLANG_WARN_STRICT_PROTOTYPES = YES;
				CLANG_WARN_SUSPICIOUS_MOVE = YES;
				CLANG_WARN_UNGUARDED_AVAILABILITY = YES_AGGRESSIVE;
				CLANG_WARN_UNREACHABLE_CODE = YES;
				CLANG_WARN__DUPLICATE_METHOD_MATCH = YES;
				COPY_PHASE_STRIP = NO;
				DEBUG_INFORMATION_FORMAT = dwarf;
				ENABLE_STRICT_OBJC_MSGSEND = YES;
				ENABLE_TESTABILITY = YES;
				GCC_C_LANGUAGE_STANDARD = gnu11;
				GCC_DYNAMIC_NO_PIC = NO;
				GCC_NO_COMMON_BLOCKS = YES;
				GCC_OPTIMIZATION_LEVEL = 0;
				GCC_PREPROCESSOR_DEFINITIONS = (
					"DEBUG=1",
					"$(inherited)",
				);
				GCC_WARN_64_TO_32_BIT_CONVERSION = YES;
				GCC_WARN_ABOUT_RETURN_TYPE = YES_ERROR;
				GCC_WARN_UNDECLARED_SELECTOR = YES;
				GCC_WARN_UNINITIALIZED_AUTOS = YES_AGGRESSIVE;
				GCC_WARN_UNUSED_FUNCTION = YES;
				GCC_WARN_UNUSED_VARIABLE = YES;
				IPHONEOS_DEPLOYMENT_TARGET = 15.4;
				MTL_ENABLE_DEBUG_INFO = INCLUDE_SOURCE;
				MTL_FAST_MATH = YES;
				ONLY_ACTIVE_ARCH = YES;
				SDKROOT = iphoneos;
				SWIFT_ACTIVE_COMPILATION_CONDITIONS = DEBUG;
				SWIFT_OPTIMIZATION_LEVEL = "-Onone";
			};
			name = Debug;
		};
		60B227FD282F1CDF007177B9 /* Release */ = {
			isa = XCBuildConfiguration;
			buildSettings = {
				ALWAYS_SEARCH_USER_PATHS = NO;
				CLANG_ANALYZER_NONNULL = YES;
				CLANG_ANALYZER_NUMBER_OBJECT_CONVERSION = YES_AGGRESSIVE;
				CLANG_CXX_LANGUAGE_STANDARD = "gnu++17";
				CLANG_ENABLE_MODULES = YES;
				CLANG_ENABLE_OBJC_ARC = YES;
				CLANG_ENABLE_OBJC_WEAK = YES;
				CLANG_WARN_BLOCK_CAPTURE_AUTORELEASING = YES;
				CLANG_WARN_BOOL_CONVERSION = YES;
				CLANG_WARN_COMMA = YES;
				CLANG_WARN_CONSTANT_CONVERSION = YES;
				CLANG_WARN_DEPRECATED_OBJC_IMPLEMENTATIONS = YES;
				CLANG_WARN_DIRECT_OBJC_ISA_USAGE = YES_ERROR;
				CLANG_WARN_DOCUMENTATION_COMMENTS = YES;
				CLANG_WARN_EMPTY_BODY = YES;
				CLANG_WARN_ENUM_CONVERSION = YES;
				CLANG_WARN_INFINITE_RECURSION = YES;
				CLANG_WARN_INT_CONVERSION = YES;
				CLANG_WARN_NON_LITERAL_NULL_CONVERSION = YES;
				CLANG_WARN_OBJC_IMPLICIT_RETAIN_SELF = YES;
				CLANG_WARN_OBJC_LITERAL_CONVERSION = YES;
				CLANG_WARN_OBJC_ROOT_CLASS = YES_ERROR;
				CLANG_WARN_QUOTED_INCLUDE_IN_FRAMEWORK_HEADER = YES;
				CLANG_WARN_RANGE_LOOP_ANALYSIS = YES;
				CLANG_WARN_STRICT_PROTOTYPES = YES;
				CLANG_WARN_SUSPICIOUS_MOVE = YES;
				CLANG_WARN_UNGUARDED_AVAILABILITY = YES_AGGRESSIVE;
				CLANG_WARN_UNREACHABLE_CODE = YES;
				CLANG_WARN__DUPLICATE_METHOD_MATCH = YES;
				COPY_PHASE_STRIP = NO;
				DEBUG_INFORMATION_FORMAT = "dwarf-with-dsym";
				ENABLE_NS_ASSERTIONS = NO;
				ENABLE_STRICT_OBJC_MSGSEND = YES;
				GCC_C_LANGUAGE_STANDARD = gnu11;
				GCC_NO_COMMON_BLOCKS = YES;
				GCC_WARN_64_TO_32_BIT_CONVERSION = YES;
				GCC_WARN_ABOUT_RETURN_TYPE = YES_ERROR;
				GCC_WARN_UNDECLARED_SELECTOR = YES;
				GCC_WARN_UNINITIALIZED_AUTOS = YES_AGGRESSIVE;
				GCC_WARN_UNUSED_FUNCTION = YES;
				GCC_WARN_UNUSED_VARIABLE = YES;
				IPHONEOS_DEPLOYMENT_TARGET = 15.4;
				MTL_ENABLE_DEBUG_INFO = NO;
				MTL_FAST_MATH = YES;
				SDKROOT = iphoneos;
				SWIFT_COMPILATION_MODE = wholemodule;
				SWIFT_OPTIMIZATION_LEVEL = "-O";
				VALIDATE_PRODUCT = YES;
			};
			name = Release;
		};
		60B227FF282F1CDF007177B9 /* Debug */ = {
			isa = XCBuildConfiguration;
			buildSettings = {
				ASSETCATALOG_COMPILER_APPICON_NAME = AppIcon;
				ASSETCATALOG_COMPILER_GLOBAL_ACCENT_COLOR_NAME = AccentColor;
				CODE_SIGN_STYLE = Automatic;
				CURRENT_PROJECT_VERSION = 1;
				DEVELOPMENT_ASSET_PATHS = "\"CoolBeans/Preview Content\"";
				DEVELOPMENT_TEAM = S23Y2GPG6W;
				ENABLE_PREVIEWS = YES;
				GENERATE_INFOPLIST_FILE = YES;
				INFOPLIST_KEY_UIApplicationSceneManifest_Generation = YES;
				INFOPLIST_KEY_UIApplicationSupportsIndirectInputEvents = YES;
				INFOPLIST_KEY_UILaunchScreen_Generation = YES;
				INFOPLIST_KEY_UISupportedInterfaceOrientations_iPad = "UIInterfaceOrientationPortrait UIInterfaceOrientationPortraitUpsideDown UIInterfaceOrientationLandscapeLeft UIInterfaceOrientationLandscapeRight";
				INFOPLIST_KEY_UISupportedInterfaceOrientations_iPhone = "UIInterfaceOrientationPortrait UIInterfaceOrientationLandscapeLeft UIInterfaceOrientationLandscapeRight";
				LD_RUNPATH_SEARCH_PATHS = (
					"$(inherited)",
					"@executable_path/Frameworks",
				);
				MARKETING_VERSION = 1.0;
				PRODUCT_BUNDLE_IDENTIFIER = com.harff.CoolBeans;
				PRODUCT_NAME = "$(TARGET_NAME)";
				SWIFT_EMIT_LOC_STRINGS = YES;
				SWIFT_VERSION = 5.0;
				TARGETED_DEVICE_FAMILY = "1,2";
			};
			name = Debug;
		};
		60B22800282F1CDF007177B9 /* Release */ = {
			isa = XCBuildConfiguration;
			buildSettings = {
				ASSETCATALOG_COMPILER_APPICON_NAME = AppIcon;
				ASSETCATALOG_COMPILER_GLOBAL_ACCENT_COLOR_NAME = AccentColor;
				CODE_SIGN_STYLE = Automatic;
				CURRENT_PROJECT_VERSION = 1;
				DEVELOPMENT_ASSET_PATHS = "\"CoolBeans/Preview Content\"";
				DEVELOPMENT_TEAM = S23Y2GPG6W;
				ENABLE_PREVIEWS = YES;
				GENERATE_INFOPLIST_FILE = YES;
				INFOPLIST_KEY_UIApplicationSceneManifest_Generation = YES;
				INFOPLIST_KEY_UIApplicationSupportsIndirectInputEvents = YES;
				INFOPLIST_KEY_UILaunchScreen_Generation = YES;
				INFOPLIST_KEY_UISupportedInterfaceOrientations_iPad = "UIInterfaceOrientationPortrait UIInterfaceOrientationPortraitUpsideDown UIInterfaceOrientationLandscapeLeft UIInterfaceOrientationLandscapeRight";
				INFOPLIST_KEY_UISupportedInterfaceOrientations_iPhone = "UIInterfaceOrientationPortrait UIInterfaceOrientationLandscapeLeft UIInterfaceOrientationLandscapeRight";
				LD_RUNPATH_SEARCH_PATHS = (
					"$(inherited)",
					"@executable_path/Frameworks",
				);
				MARKETING_VERSION = 1.0;
				PRODUCT_BUNDLE_IDENTIFIER = com.harff.CoolBeans;
				PRODUCT_NAME = "$(TARGET_NAME)";
				SWIFT_EMIT_LOC_STRINGS = YES;
				SWIFT_VERSION = 5.0;
				TARGETED_DEVICE_FAMILY = "1,2";
			};
			name = Release;
		};
/* End XCBuildConfiguration section */

/* Begin XCConfigurationList section */
		60B227EB282F1CDD007177B9 /* Build configuration list for PBXProject "CoolBeans" */ = {
			isa = XCConfigurationList;
			buildConfigurations = (
				60B227FC282F1CDF007177B9 /* Debug */,
				60B227FD282F1CDF007177B9 /* Release */,
			);
			defaultConfigurationIsVisible = 0;
			defaultConfigurationName = Release;
		};
		60B227FE282F1CDF007177B9 /* Build configuration list for PBXNativeTarget "CoolBeans" */ = {
			isa = XCConfigurationList;
			buildConfigurations = (
				60B227FF282F1CDF007177B9 /* Debug */,
				60B22800282F1CDF007177B9 /* Release */,
			);
			defaultConfigurationIsVisible = 0;
			defaultConfigurationName = Release;
		};
/* End XCConfigurationList section */
	};
	rootObject = 60B227E8282F1CDD007177B9 /* Project object */;
}
